
Microsoft Visual Studio Solution File, Format Version 12.00
# Visual Studio Version 17
VisualStudioVersion = 17.4.32916.344
MinimumVisualStudioVersion = 10.0.40219.1
Project("{FAE04EC0-301F-11D3-BF4B-00C04F79EFBC}") = "Ciuchex", "Ciuchex\Ciuchex.csproj", "{87BE6C7A-D7D0-49C3-AB1D-327732354B73}"
EndProject
Global
	GlobalSection(SolutionConfigurationPlatforms) = preSolution
		Debug|Any CPU = Debug|Any CPU
		Release|Any CPU = Release|Any CPU
	EndGlobalSection
	GlobalSection(ProjectConfigurationPlatforms) = postSolution
		{87BE6C7A-D7D0-49C3-AB1D-327732354B73}.Debug|Any CPU.ActiveCfg = Debug|Any CPU
		{87BE6C7A-D7D0-49C3-AB1D-327732354B73}.Debug|Any CPU.Build.0 = Debug|Any CPU
		{87BE6C7A-D7D0-49C3-AB1D-327732354B73}.Release|Any CPU.ActiveCfg = Release|Any CPU
		{87BE6C7A-D7D0-49C3-AB1D-327732354B73}.Release|Any CPU.Build.0 = Release|Any CPU
	EndGlobalSection
	GlobalSection(SolutionProperties) = preSolution
		HideSolutionNode = FALSE
	EndGlobalSection
	GlobalSection(ExtensibilityGlobals) = postSolution
		SolutionGuid = {934AA316-C359-4AD1-9263-D019E9264B08}
	EndGlobalSection
EndGlobal
